
Microsoft Visual Studio Solution File, Format Version 12.00
Project("{FAE04EC0-301F-11D3-BF4B-00C04F79EFBC}") = "OzonLive", "OzonLive\OzonLive.csproj", "{816F598B-8039-4922-85AC-4A0F7CF3B2D5}"
EndProject
Global
	GlobalSection(SolutionConfigurationPlatforms) = preSolution
		Debug|Any CPU = Debug|Any CPU
		Release|Any CPU = Release|Any CPU
	EndGlobalSection
	GlobalSection(ProjectConfigurationPlatforms) = postSolution
		{816F598B-8039-4922-85AC-4A0F7CF3B2D5}.Debug|Any CPU.ActiveCfg = Debug|Any CPU
		{816F598B-8039-4922-85AC-4A0F7CF3B2D5}.Debug|Any CPU.Build.0 = Debug|Any CPU
		{816F598B-8039-4922-85AC-4A0F7CF3B2D5}.Release|Any CPU.ActiveCfg = Release|Any CPU
		{816F598B-8039-4922-85AC-4A0F7CF3B2D5}.Release|Any CPU.Build.0 = Release|Any CPU
	EndGlobalSection
EndGlobal
